
Microsoft Visual Studio Solution File, Format Version 12.00
# Visual Studio Version 17
VisualStudioVersion = 17.7.34024.191
MinimumVisualStudioVersion = 10.0.40219.1
Project("{FAE04EC0-301F-11D3-BF4B-00C04F79EFBC}") = "TruongVanDat_Tuan4", "TruongVanDat_Tuan4\TruongVanDat_Tuan4.csproj", "{A790F558-8334-4275-97F8-996805A9A2CE}"
EndProject
Global
	GlobalSection(SolutionConfigurationPlatforms) = preSolution
		Debug|Any CPU = Debug|Any CPU
		Release|Any CPU = Release|Any CPU
	EndGlobalSection
	GlobalSection(ProjectConfigurationPlatforms) = postSolution
		{A790F558-8334-4275-97F8-996805A9A2CE}.Debug|Any CPU.ActiveCfg = Debug|Any CPU
		{A790F558-8334-4275-97F8-996805A9A2CE}.Debug|Any CPU.Build.0 = Debug|Any CPU
		{A790F558-8334-4275-97F8-996805A9A2CE}.Release|Any CPU.ActiveCfg = Release|Any CPU
		{A790F558-8334-4275-97F8-996805A9A2CE}.Release|Any CPU.Build.0 = Release|Any CPU
	EndGlobalSection
	GlobalSection(SolutionProperties) = preSolution
		HideSolutionNode = FALSE
	EndGlobalSection
	GlobalSection(ExtensibilityGlobals) = postSolution
		SolutionGuid = {FA1567D3-3C91-4BA2-8E9A-495B485063F8}
	EndGlobalSection
EndGlobal
