
Microsoft Visual Studio Solution File, Format Version 12.00
# Visual Studio Version 17
VisualStudioVersion = 17.7.34024.191
MinimumVisualStudioVersion = 10.0.40219.1
Project("{FAE04EC0-301F-11D3-BF4B-00C04F79EFBC}") = "8812_TruongVanDat_Tuan1", "8812_TruongVanDat_Tuan1\8812_TruongVanDat_Tuan1.csproj", "{C200E269-B243-4A95-A81E-8B813D31188A}"
EndProject
Project("{FAE04EC0-301F-11D3-BF4B-00C04F79EFBC}") = "TruongVanDat_2180608812_Bai1", "TruongVanDat_2180608812_Bai1\TruongVanDat_2180608812_Bai1.csproj", "{076DC82C-9804-4C3D-8AC9-9B9637C0DB28}"
EndProject
Project("{FAE04EC0-301F-11D3-BF4B-00C04F79EFBC}") = "TruongVanDat_2180608812_Bai2", "TruongVanDat_2180608812_Bai2\TruongVanDat_2180608812_Bai2.csproj", "{6D3E2458-A22B-46F8-9FC1-EEE9C239C478}"
EndProject
Global
	GlobalSection(SolutionConfigurationPlatforms) = preSolution
		Debug|Any CPU = Debug|Any CPU
		Release|Any CPU = Release|Any CPU
	EndGlobalSection
	GlobalSection(ProjectConfigurationPlatforms) = postSolution
		{C200E269-B243-4A95-A81E-8B813D31188A}.Debug|Any CPU.ActiveCfg = Debug|Any CPU
		{C200E269-B243-4A95-A81E-8B813D31188A}.Debug|Any CPU.Build.0 = Debug|Any CPU
		{C200E269-B243-4A95-A81E-8B813D31188A}.Release|Any CPU.ActiveCfg = Release|Any CPU
		{C200E269-B243-4A95-A81E-8B813D31188A}.Release|Any CPU.Build.0 = Release|Any CPU
		{076DC82C-9804-4C3D-8AC9-9B9637C0DB28}.Debug|Any CPU.ActiveCfg = Debug|Any CPU
		{076DC82C-9804-4C3D-8AC9-9B9637C0DB28}.Debug|Any CPU.Build.0 = Debug|Any CPU
		{076DC82C-9804-4C3D-8AC9-9B9637C0DB28}.Release|Any CPU.ActiveCfg = Release|Any CPU
		{076DC82C-9804-4C3D-8AC9-9B9637C0DB28}.Release|Any CPU.Build.0 = Release|Any CPU
		{6D3E2458-A22B-46F8-9FC1-EEE9C239C478}.Debug|Any CPU.ActiveCfg = Debug|Any CPU
		{6D3E2458-A22B-46F8-9FC1-EEE9C239C478}.Debug|Any CPU.Build.0 = Debug|Any CPU
		{6D3E2458-A22B-46F8-9FC1-EEE9C239C478}.Release|Any CPU.ActiveCfg = Release|Any CPU
		{6D3E2458-A22B-46F8-9FC1-EEE9C239C478}.Release|Any CPU.Build.0 = Release|Any CPU
	EndGlobalSection
	GlobalSection(SolutionProperties) = preSolution
		HideSolutionNode = FALSE
	EndGlobalSection
	GlobalSection(ExtensibilityGlobals) = postSolution
		SolutionGuid = {C9DF8531-04DF-47DA-9CB0-D547D584E7A3}
	EndGlobalSection
EndGlobal
